
Microsoft Visual Studio Solution File, Format Version 12.00
# Visual Studio Version 17
VisualStudioVersion = 17.5.002.0
MinimumVisualStudioVersion = 10.0.40219.1
Project("{9A19103F-16F7-4668-BE54-9A1E7A4F7556}") = "Caro", "Caro.csproj", "{FFACBE13-DABD-427B-A234-5BF09D1A8C09}"
EndProject
Global
	GlobalSection(SolutionConfigurationPlatforms) = preSolution
		Debug|Any CPU = Debug|Any CPU
		Release|Any CPU = Release|Any CPU
	EndGlobalSection
	GlobalSection(ProjectConfigurationPlatforms) = postSolution
		{FFACBE13-DABD-427B-A234-5BF09D1A8C09}.Debug|Any CPU.ActiveCfg = Debug|Any CPU
		{FFACBE13-DABD-427B-A234-5BF09D1A8C09}.Debug|Any CPU.Build.0 = Debug|Any CPU
		{FFACBE13-DABD-427B-A234-5BF09D1A8C09}.Release|Any CPU.ActiveCfg = Release|Any CPU
		{FFACBE13-DABD-427B-A234-5BF09D1A8C09}.Release|Any CPU.Build.0 = Release|Any CPU
	EndGlobalSection
	GlobalSection(SolutionProperties) = preSolution
		HideSolutionNode = FALSE
	EndGlobalSection
	GlobalSection(ExtensibilityGlobals) = postSolution
		SolutionGuid = {8D18A4BF-DBC7-4852-BB04-0BB55EBB7A98}
	EndGlobalSection
EndGlobal
